
Microsoft Visual Studio Solution File, Format Version 12.00
# Visual Studio Version 16
VisualStudioVersion = 16.0.28803.202
MinimumVisualStudioVersion = 10.0.40219.1
Project("{FAE04EC0-301F-11D3-BF4B-00C04F79EFBC}") = "LoginManager", "LoginManager.csproj", "{FC9166CA-9619-447D-A546-9FE57B5299A3}"
EndProject
Global
	GlobalSection(SolutionConfigurationPlatforms) = preSolution
		Debug|Any CPU = Debug|Any CPU
		Release|Any CPU = Release|Any CPU
	EndGlobalSection
	GlobalSection(ProjectConfigurationPlatforms) = postSolution
		{FC9166CA-9619-447D-A546-9FE57B5299A3}.Debug|Any CPU.ActiveCfg = Debug|Any CPU
		{FC9166CA-9619-447D-A546-9FE57B5299A3}.Debug|Any CPU.Build.0 = Debug|Any CPU
		{FC9166CA-9619-447D-A546-9FE57B5299A3}.Release|Any CPU.ActiveCfg = Release|Any CPU
		{FC9166CA-9619-447D-A546-9FE57B5299A3}.Release|Any CPU.Build.0 = Release|Any CPU
	EndGlobalSection
	GlobalSection(SolutionProperties) = preSolution
		HideSolutionNode = FALSE
	EndGlobalSection
	GlobalSection(ExtensibilityGlobals) = postSolution
		SolutionGuid = {055028A0-2715-4D28-8363-055DC9F67DCC}
	EndGlobalSection
EndGlobal
